
Microsoft Visual Studio Solution File, Format Version 12.00
# Visual Studio Version 16
VisualStudioVersion = 16.0.32106.194
MinimumVisualStudioVersion = 10.0.40219.1
Project("{9A19103F-16F7-4668-BE54-9A1E7A4F7556}") = "FitnessTracker", "FitnessTracker.csproj", "{7B108E7A-FF82-4326-A9FD-E81782C9A77C}"
EndProject
Global
	GlobalSection(SolutionConfigurationPlatforms) = preSolution
		Debug|Any CPU = Debug|Any CPU
		Release|Any CPU = Release|Any CPU
	EndGlobalSection
	GlobalSection(ProjectConfigurationPlatforms) = postSolution
		{7B108E7A-FF82-4326-A9FD-E81782C9A77C}.Debug|Any CPU.ActiveCfg = Debug|Any CPU
		{7B108E7A-FF82-4326-A9FD-E81782C9A77C}.Debug|Any CPU.Build.0 = Debug|Any CPU
		{7B108E7A-FF82-4326-A9FD-E81782C9A77C}.Release|Any CPU.ActiveCfg = Release|Any CPU
		{7B108E7A-FF82-4326-A9FD-E81782C9A77C}.Release|Any CPU.Build.0 = Release|Any CPU
	EndGlobalSection
	GlobalSection(SolutionProperties) = preSolution
		HideSolutionNode = FALSE
	EndGlobalSection
	GlobalSection(ExtensibilityGlobals) = postSolution
		SolutionGuid = {FF2B86A8-B986-473D-9ED2-5318AB812C80}
	EndGlobalSection
EndGlobal
